
Microsoft Visual Studio Solution File, Format Version 12.00
# Visual Studio Version 17
VisualStudioVersion = 17.8.34408.163
MinimumVisualStudioVersion = 10.0.40219.1
Project("{FAE04EC0-301F-11D3-BF4B-00C04F79EFBC}") = "WebAplicacionApi", "WebAplicacionApi\WebAplicacionApi.csproj", "{12CF35A4-926E-4904-86CE-E30930B0FCEF}"
EndProject
Global
	GlobalSection(SolutionConfigurationPlatforms) = preSolution
		Debug|Any CPU = Debug|Any CPU
		Release|Any CPU = Release|Any CPU
	EndGlobalSection
	GlobalSection(ProjectConfigurationPlatforms) = postSolution
		{12CF35A4-926E-4904-86CE-E30930B0FCEF}.Debug|Any CPU.ActiveCfg = Debug|Any CPU
		{12CF35A4-926E-4904-86CE-E30930B0FCEF}.Debug|Any CPU.Build.0 = Debug|Any CPU
		{12CF35A4-926E-4904-86CE-E30930B0FCEF}.Release|Any CPU.ActiveCfg = Release|Any CPU
		{12CF35A4-926E-4904-86CE-E30930B0FCEF}.Release|Any CPU.Build.0 = Release|Any CPU
	EndGlobalSection
	GlobalSection(SolutionProperties) = preSolution
		HideSolutionNode = FALSE
	EndGlobalSection
	GlobalSection(ExtensibilityGlobals) = postSolution
		SolutionGuid = {CE7D9959-352F-4424-AD66-D983A0A88FBC}
	EndGlobalSection
EndGlobal
